
Microsoft Visual Studio Solution File, Format Version 12.00
# Visual Studio Version 17
VisualStudioVersion = 17.8.34316.72
MinimumVisualStudioVersion = 10.0.40219.1
Project("{9A19103F-16F7-4668-BE54-9A1E7A4F7556}") = "JASData", "JASData\JASData.csproj", "{D1DEF762-D126-4ABD-BCF9-95766D47AC71}"
EndProject
Project("{9A19103F-16F7-4668-BE54-9A1E7A4F7556}") = "JAS.Shared", "JAS.Shared\JAS.Shared.csproj", "{CB8E8B17-2CF8-45C6-A616-3E2FF11FF07E}"
EndProject
Project("{9A19103F-16F7-4668-BE54-9A1E7A4F7556}") = "JASApp.Api", "JASApp\Server\JASApp.Api.csproj", "{CDCCC4E7-D01A-4AAE-8B36-F6F9B7115936}"
EndProject
Project("{9A19103F-16F7-4668-BE54-9A1E7A4F7556}") = "JASApp.Client", "JASApp\Client\JASApp.Client.csproj", "{1B9EA782-F89E-4E77-A0A0-8BF5DD565175}"
EndProject
Global
	GlobalSection(SolutionConfigurationPlatforms) = preSolution
		Debug|Any CPU = Debug|Any CPU
		Release|Any CPU = Release|Any CPU
	EndGlobalSection
	GlobalSection(ProjectConfigurationPlatforms) = postSolution
		{D1DEF762-D126-4ABD-BCF9-95766D47AC71}.Debug|Any CPU.ActiveCfg = Debug|Any CPU
		{D1DEF762-D126-4ABD-BCF9-95766D47AC71}.Debug|Any CPU.Build.0 = Debug|Any CPU
		{D1DEF762-D126-4ABD-BCF9-95766D47AC71}.Release|Any CPU.ActiveCfg = Release|Any CPU
		{D1DEF762-D126-4ABD-BCF9-95766D47AC71}.Release|Any CPU.Build.0 = Release|Any CPU
		{CB8E8B17-2CF8-45C6-A616-3E2FF11FF07E}.Debug|Any CPU.ActiveCfg = Debug|Any CPU
		{CB8E8B17-2CF8-45C6-A616-3E2FF11FF07E}.Debug|Any CPU.Build.0 = Debug|Any CPU
		{CB8E8B17-2CF8-45C6-A616-3E2FF11FF07E}.Release|Any CPU.ActiveCfg = Release|Any CPU
		{CB8E8B17-2CF8-45C6-A616-3E2FF11FF07E}.Release|Any CPU.Build.0 = Release|Any CPU
		{CDCCC4E7-D01A-4AAE-8B36-F6F9B7115936}.Debug|Any CPU.ActiveCfg = Debug|Any CPU
		{CDCCC4E7-D01A-4AAE-8B36-F6F9B7115936}.Debug|Any CPU.Build.0 = Debug|Any CPU
		{CDCCC4E7-D01A-4AAE-8B36-F6F9B7115936}.Release|Any CPU.ActiveCfg = Release|Any CPU
		{CDCCC4E7-D01A-4AAE-8B36-F6F9B7115936}.Release|Any CPU.Build.0 = Release|Any CPU
		{1B9EA782-F89E-4E77-A0A0-8BF5DD565175}.Debug|Any CPU.ActiveCfg = Debug|Any CPU
		{1B9EA782-F89E-4E77-A0A0-8BF5DD565175}.Debug|Any CPU.Build.0 = Debug|Any CPU
		{1B9EA782-F89E-4E77-A0A0-8BF5DD565175}.Release|Any CPU.ActiveCfg = Release|Any CPU
		{1B9EA782-F89E-4E77-A0A0-8BF5DD565175}.Release|Any CPU.Build.0 = Release|Any CPU
	EndGlobalSection
	GlobalSection(SolutionProperties) = preSolution
		HideSolutionNode = FALSE
	EndGlobalSection
	GlobalSection(ExtensibilityGlobals) = postSolution
		SolutionGuid = {D2D12152-04EC-4196-AFB8-03617118C255}
	EndGlobalSection
EndGlobal
